
Microsoft Visual Studio Solution File, Format Version 12.00
# Visual Studio Version 16
VisualStudioVersion = 16.0.29613.14
MinimumVisualStudioVersion = 10.0.40219.1
Project("{FAE04EC0-301F-11D3-BF4B-00C04F79EFBC}") = "09_01_20_HomeworkExam_FileManager", "09_01_20_HomeworkExam_FileManager\09_01_20_HomeworkExam_FileManager.csproj", "{D28A59E3-93FB-4D2C-90A5-46658A9AACE7}"
EndProject
Global
	GlobalSection(SolutionConfigurationPlatforms) = preSolution
		Debug|Any CPU = Debug|Any CPU
		Release|Any CPU = Release|Any CPU
	EndGlobalSection
	GlobalSection(ProjectConfigurationPlatforms) = postSolution
		{D28A59E3-93FB-4D2C-90A5-46658A9AACE7}.Debug|Any CPU.ActiveCfg = Debug|Any CPU
		{D28A59E3-93FB-4D2C-90A5-46658A9AACE7}.Debug|Any CPU.Build.0 = Debug|Any CPU
		{D28A59E3-93FB-4D2C-90A5-46658A9AACE7}.Release|Any CPU.ActiveCfg = Release|Any CPU
		{D28A59E3-93FB-4D2C-90A5-46658A9AACE7}.Release|Any CPU.Build.0 = Release|Any CPU
	EndGlobalSection
	GlobalSection(SolutionProperties) = preSolution
		HideSolutionNode = FALSE
	EndGlobalSection
	GlobalSection(ExtensibilityGlobals) = postSolution
		SolutionGuid = {1FD76241-CB4A-486E-8929-D0D171C83F70}
	EndGlobalSection
EndGlobal
